
Microsoft Visual Studio Solution File, Format Version 12.00
# Visual Studio 2012
Project("{FAE04EC0-301F-11D3-BF4B-00C04F79EFBC}") = "EstateSearchClient", "EstateSearchClient\EstateSearchClient.csproj", "{BFC3AE2C-B4FB-4DF9-8DB7-0697910E9B05}"
EndProject
Global
	GlobalSection(SolutionConfigurationPlatforms) = preSolution
		Debug|Any CPU = Debug|Any CPU
		Release|Any CPU = Release|Any CPU
	EndGlobalSection
	GlobalSection(ProjectConfigurationPlatforms) = postSolution
		{BFC3AE2C-B4FB-4DF9-8DB7-0697910E9B05}.Debug|Any CPU.ActiveCfg = Debug|Any CPU
		{BFC3AE2C-B4FB-4DF9-8DB7-0697910E9B05}.Debug|Any CPU.Build.0 = Debug|Any CPU
		{BFC3AE2C-B4FB-4DF9-8DB7-0697910E9B05}.Release|Any CPU.ActiveCfg = Release|Any CPU
		{BFC3AE2C-B4FB-4DF9-8DB7-0697910E9B05}.Release|Any CPU.Build.0 = Release|Any CPU
	EndGlobalSection
	GlobalSection(SolutionProperties) = preSolution
		HideSolutionNode = FALSE
	EndGlobalSection
EndGlobal
